
Microsoft Visual Studio Solution File, Format Version 12.00
# Visual Studio Version 16
VisualStudioVersion = 16.0.29920.165
MinimumVisualStudioVersion = 10.0.40219.1
Project("{FAE04EC0-301F-11D3-BF4B-00C04F79EFBC}") = "MedicalHistory", "MedicalHistory\MedicalHistory.csproj", "{83F2DF30-C4E9-415D-8C9B-633100FAE12D}"
EndProject
Global
	GlobalSection(SolutionConfigurationPlatforms) = preSolution
		Debug|Any CPU = Debug|Any CPU
		Release|Any CPU = Release|Any CPU
	EndGlobalSection
	GlobalSection(ProjectConfigurationPlatforms) = postSolution
		{83F2DF30-C4E9-415D-8C9B-633100FAE12D}.Debug|Any CPU.ActiveCfg = Debug|Any CPU
		{83F2DF30-C4E9-415D-8C9B-633100FAE12D}.Debug|Any CPU.Build.0 = Debug|Any CPU
		{83F2DF30-C4E9-415D-8C9B-633100FAE12D}.Release|Any CPU.ActiveCfg = Release|Any CPU
		{83F2DF30-C4E9-415D-8C9B-633100FAE12D}.Release|Any CPU.Build.0 = Release|Any CPU
	EndGlobalSection
	GlobalSection(SolutionProperties) = preSolution
		HideSolutionNode = FALSE
	EndGlobalSection
	GlobalSection(ExtensibilityGlobals) = postSolution
		SolutionGuid = {68060B6E-8CB0-411B-8F6B-F91B48A1F033}
	EndGlobalSection
EndGlobal
